
Microsoft Visual Studio Solution File, Format Version 12.00
# Visual Studio Version 17
VisualStudioVersion = 17.14.36414.22 d17.14
MinimumVisualStudioVersion = 10.0.40219.1
Project("{FAE04EC0-301F-11D3-BF4B-00C04F79EFBC}") = "BioBokaren2", "BioBokaren2.csproj", "{2BC8DDC7-F8E9-417A-9651-24D47D908E67}"
EndProject
Global
	GlobalSection(SolutionConfigurationPlatforms) = preSolution
		Debug|Any CPU = Debug|Any CPU
		Release|Any CPU = Release|Any CPU
	EndGlobalSection
	GlobalSection(ProjectConfigurationPlatforms) = postSolution
		{2BC8DDC7-F8E9-417A-9651-24D47D908E67}.Debug|Any CPU.ActiveCfg = Debug|Any CPU
		{2BC8DDC7-F8E9-417A-9651-24D47D908E67}.Debug|Any CPU.Build.0 = Debug|Any CPU
		{2BC8DDC7-F8E9-417A-9651-24D47D908E67}.Release|Any CPU.ActiveCfg = Release|Any CPU
		{2BC8DDC7-F8E9-417A-9651-24D47D908E67}.Release|Any CPU.Build.0 = Release|Any CPU
	EndGlobalSection
	GlobalSection(SolutionProperties) = preSolution
		HideSolutionNode = FALSE
	EndGlobalSection
	GlobalSection(ExtensibilityGlobals) = postSolution
		SolutionGuid = {60E04660-F8FB-46EE-9579-3DBD15E79FD9}
	EndGlobalSection
EndGlobal
